
Microsoft Visual Studio Solution File, Format Version 12.00
# Visual Studio Version 16
VisualStudioVersion = 16.0.30717.126
MinimumVisualStudioVersion = 10.0.40219.1
Project("{FAE04EC0-301F-11D3-BF4B-00C04F79EFBC}") = "Capa_Datos", "Capa_Datos\Capa_Datos.csproj", "{3D4B1EB5-E8FA-44A4-9241-5CEE794BF8ED}"
EndProject
Project("{FAE04EC0-301F-11D3-BF4B-00C04F79EFBC}") = "Capa_Entidad", "Capa_Entidad\Capa_Entidad.csproj", "{D10713F3-417E-4562-8C92-A4DD831001DA}"
EndProject
Project("{FAE04EC0-301F-11D3-BF4B-00C04F79EFBC}") = "Capa_Negocio", "Capa_Negocio\Capa_Negocio.csproj", "{61BCF5A1-C99A-4249-9882-8A057AC49195}"
EndProject
Project("{FAE04EC0-301F-11D3-BF4B-00C04F79EFBC}") = "Capa_Presentacion", "Capa_Presentacion\Capa_Presentacion.csproj", "{8DD605DE-1DBD-4425-AFB1-EC054ABD496C}"
EndProject
Project("{FAE04EC0-301F-11D3-BF4B-00C04F79EFBC}") = "Capa_Servicio", "Capa_Servicio\Capa_Servicio.csproj", "{B2308D41-74F0-4230-A213-B1C9CA939237}"
EndProject
Global
	GlobalSection(SolutionConfigurationPlatforms) = preSolution
		Debug|Any CPU = Debug|Any CPU
		Release|Any CPU = Release|Any CPU
	EndGlobalSection
	GlobalSection(ProjectConfigurationPlatforms) = postSolution
		{3D4B1EB5-E8FA-44A4-9241-5CEE794BF8ED}.Debug|Any CPU.ActiveCfg = Debug|Any CPU
		{3D4B1EB5-E8FA-44A4-9241-5CEE794BF8ED}.Debug|Any CPU.Build.0 = Debug|Any CPU
		{3D4B1EB5-E8FA-44A4-9241-5CEE794BF8ED}.Release|Any CPU.ActiveCfg = Release|Any CPU
		{3D4B1EB5-E8FA-44A4-9241-5CEE794BF8ED}.Release|Any CPU.Build.0 = Release|Any CPU
		{D10713F3-417E-4562-8C92-A4DD831001DA}.Debug|Any CPU.ActiveCfg = Debug|Any CPU
		{D10713F3-417E-4562-8C92-A4DD831001DA}.Debug|Any CPU.Build.0 = Debug|Any CPU
		{D10713F3-417E-4562-8C92-A4DD831001DA}.Release|Any CPU.ActiveCfg = Release|Any CPU
		{D10713F3-417E-4562-8C92-A4DD831001DA}.Release|Any CPU.Build.0 = Release|Any CPU
		{61BCF5A1-C99A-4249-9882-8A057AC49195}.Debug|Any CPU.ActiveCfg = Debug|Any CPU
		{61BCF5A1-C99A-4249-9882-8A057AC49195}.Debug|Any CPU.Build.0 = Debug|Any CPU
		{61BCF5A1-C99A-4249-9882-8A057AC49195}.Release|Any CPU.ActiveCfg = Release|Any CPU
		{61BCF5A1-C99A-4249-9882-8A057AC49195}.Release|Any CPU.Build.0 = Release|Any CPU
		{8DD605DE-1DBD-4425-AFB1-EC054ABD496C}.Debug|Any CPU.ActiveCfg = Debug|Any CPU
		{8DD605DE-1DBD-4425-AFB1-EC054ABD496C}.Debug|Any CPU.Build.0 = Debug|Any CPU
		{8DD605DE-1DBD-4425-AFB1-EC054ABD496C}.Release|Any CPU.ActiveCfg = Release|Any CPU
		{8DD605DE-1DBD-4425-AFB1-EC054ABD496C}.Release|Any CPU.Build.0 = Release|Any CPU
		{B2308D41-74F0-4230-A213-B1C9CA939237}.Debug|Any CPU.ActiveCfg = Debug|Any CPU
		{B2308D41-74F0-4230-A213-B1C9CA939237}.Debug|Any CPU.Build.0 = Debug|Any CPU
		{B2308D41-74F0-4230-A213-B1C9CA939237}.Release|Any CPU.ActiveCfg = Release|Any CPU
		{B2308D41-74F0-4230-A213-B1C9CA939237}.Release|Any CPU.Build.0 = Release|Any CPU
	EndGlobalSection
	GlobalSection(SolutionProperties) = preSolution
		HideSolutionNode = FALSE
	EndGlobalSection
	GlobalSection(ExtensibilityGlobals) = postSolution
		SolutionGuid = {B260D73B-1348-4886-98EB-5E1FCAD52A0F}
	EndGlobalSection
EndGlobal
